
Microsoft Visual Studio Solution File, Format Version 12.00
# Visual Studio Version 16
VisualStudioVersion = 16.0.30621.155
MinimumVisualStudioVersion = 10.0.40219.1
Project("{FAE04EC0-301F-11D3-BF4B-00C04F79EFBC}") = "EGISSOEditor 2.0", "EGISSOEditor 2.0\EGISSOEditor 2.0.csproj", "{98B2B8FC-EB2F-40A0-95CF-E51DBF6F897E}"
EndProject
Global
	GlobalSection(SolutionConfigurationPlatforms) = preSolution
		Debug|Any CPU = Debug|Any CPU
		Release|Any CPU = Release|Any CPU
	EndGlobalSection
	GlobalSection(ProjectConfigurationPlatforms) = postSolution
		{98B2B8FC-EB2F-40A0-95CF-E51DBF6F897E}.Debug|Any CPU.ActiveCfg = Debug|Any CPU
		{98B2B8FC-EB2F-40A0-95CF-E51DBF6F897E}.Debug|Any CPU.Build.0 = Debug|Any CPU
		{98B2B8FC-EB2F-40A0-95CF-E51DBF6F897E}.Release|Any CPU.ActiveCfg = Release|Any CPU
		{98B2B8FC-EB2F-40A0-95CF-E51DBF6F897E}.Release|Any CPU.Build.0 = Release|Any CPU
	EndGlobalSection
	GlobalSection(SolutionProperties) = preSolution
		HideSolutionNode = FALSE
	EndGlobalSection
	GlobalSection(ExtensibilityGlobals) = postSolution
		SolutionGuid = {5CE430A2-5600-4998-984A-EE4950C4EA6A}
	EndGlobalSection
EndGlobal
